
Microsoft Visual Studio Solution File, Format Version 12.00
# Visual Studio Version 17
VisualStudioVersion = 17.2.32616.157
MinimumVisualStudioVersion = 10.0.40219.1
Project("{FAE04EC0-301F-11D3-BF4B-00C04F79EFBC}") = "AppleSoftware", "AppleSoftware\AppleSoftware.csproj", "{E0FB0AEF-0190-448C-8832-C74C591BF9AA}"
EndProject
Project("{54435603-DBB4-11D2-8724-00A0C9A8B90C}") = "ELEN SOFTWARE I", "ELEN SOFTWARE I\ELEN SOFTWARE I.vdproj", "{B9C86129-8CE7-4D2D-AADD-CAFC642EC9D4}"
EndProject
Global
	GlobalSection(SolutionConfigurationPlatforms) = preSolution
		Debug|Any CPU = Debug|Any CPU
		Debug|x64 = Debug|x64
		Debug|x86 = Debug|x86
		Release|Any CPU = Release|Any CPU
		Release|x64 = Release|x64
		Release|x86 = Release|x86
	EndGlobalSection
	GlobalSection(ProjectConfigurationPlatforms) = postSolution
		{E0FB0AEF-0190-448C-8832-C74C591BF9AA}.Debug|Any CPU.ActiveCfg = Debug|Any CPU
		{E0FB0AEF-0190-448C-8832-C74C591BF9AA}.Debug|Any CPU.Build.0 = Debug|Any CPU
		{E0FB0AEF-0190-448C-8832-C74C591BF9AA}.Debug|x64.ActiveCfg = Debug|Any CPU
		{E0FB0AEF-0190-448C-8832-C74C591BF9AA}.Debug|x64.Build.0 = Debug|Any CPU
		{E0FB0AEF-0190-448C-8832-C74C591BF9AA}.Debug|x86.ActiveCfg = Debug|Any CPU
		{E0FB0AEF-0190-448C-8832-C74C591BF9AA}.Debug|x86.Build.0 = Debug|Any CPU
		{E0FB0AEF-0190-448C-8832-C74C591BF9AA}.Release|Any CPU.ActiveCfg = Release|Any CPU
		{E0FB0AEF-0190-448C-8832-C74C591BF9AA}.Release|Any CPU.Build.0 = Release|Any CPU
		{E0FB0AEF-0190-448C-8832-C74C591BF9AA}.Release|x64.ActiveCfg = Release|Any CPU
		{E0FB0AEF-0190-448C-8832-C74C591BF9AA}.Release|x64.Build.0 = Release|Any CPU
		{E0FB0AEF-0190-448C-8832-C74C591BF9AA}.Release|x86.ActiveCfg = Release|Any CPU
		{E0FB0AEF-0190-448C-8832-C74C591BF9AA}.Release|x86.Build.0 = Release|Any CPU
		{B9C86129-8CE7-4D2D-AADD-CAFC642EC9D4}.Debug|Any CPU.ActiveCfg = Debug
		{B9C86129-8CE7-4D2D-AADD-CAFC642EC9D4}.Debug|x64.ActiveCfg = Debug
		{B9C86129-8CE7-4D2D-AADD-CAFC642EC9D4}.Debug|x86.ActiveCfg = Debug
		{B9C86129-8CE7-4D2D-AADD-CAFC642EC9D4}.Release|Any CPU.ActiveCfg = Release
		{B9C86129-8CE7-4D2D-AADD-CAFC642EC9D4}.Release|x64.ActiveCfg = Release
		{B9C86129-8CE7-4D2D-AADD-CAFC642EC9D4}.Release|x86.ActiveCfg = Release
	EndGlobalSection
	GlobalSection(SolutionProperties) = preSolution
		HideSolutionNode = FALSE
	EndGlobalSection
	GlobalSection(ExtensibilityGlobals) = postSolution
		SolutionGuid = {5AB9938E-89ED-4E05-BE20-817907772AD2}
	EndGlobalSection
EndGlobal
